// !$*UTF8*$!
{
	archiveVersion = 1;
	classes = {
	};
	objectVersion = 55;
	objects = {

/* Begin PBXBuildFile section */
		2505A6D028CD11B2009DEDC9 /* Tests_iOS.swift in Sources */ = {isa = PBXBuildFile; fileRef = 2505A6CF28CD11B2009DEDC9 /* Tests_iOS.swift */; };
		2505A6D228CD11B2009DEDC9 /* Tests_iOSLaunchTests.swift in Sources */ = {isa = PBXBuildFile; fileRef = 2505A6D128CD11B2009DEDC9 /* Tests_iOSLaunchTests.swift */; };
		2505A6DC28CD11B2009DEDC9 /* Tests_macOS.swift in Sources */ = {isa = PBXBuildFile; fileRef = 2505A6DB28CD11B2009DEDC9 /* Tests_macOS.swift */; };
		2505A6DE28CD11B2009DEDC9 /* Tests_macOSLaunchTests.swift in Sources */ = {isa = PBXBuildFile; fileRef = 2505A6DD28CD11B2009DEDC9 /* Tests_macOSLaunchTests.swift */; };
		2505A6DF28CD11B2009DEDC9 /* LandmarksApp.swift in Sources */ = {isa = PBXBuildFile; fileRef = 2505A6B728CD11AE009DEDC9 /* LandmarksApp.swift */; };
		2505A6E028CD11B2009DEDC9 /* LandmarksApp.swift in Sources */ = {isa = PBXBuildFile; fileRef = 2505A6B728CD11AE009DEDC9 /* LandmarksApp.swift */; };
		2505A6E128CD11B2009DEDC9 /* ContentView.swift in Sources */ = {isa = PBXBuildFile; fileRef = 2505A6B828CD11AE009DEDC9 /* ContentView.swift */; };
		2505A6E228CD11B2009DEDC9 /* ContentView.swift in Sources */ = {isa = PBXBuildFile; fileRef = 2505A6B828CD11AE009DEDC9 /* ContentView.swift */; };
		2505A6E328CD11B2009DEDC9 /* Assets.xcassets in Resources */ = {isa = PBXBuildFile; fileRef = 2505A6B928CD11B1009DEDC9 /* Assets.xcassets */; };
		2505A6E428CD11B2009DEDC9 /* Assets.xcassets in Resources */ = {isa = PBXBuildFile; fileRef = 2505A6B928CD11B1009DEDC9 /* Assets.xcassets */; };
		2505A6F428CD1BB7009DEDC9 /* CircleImage.swift in Sources */ = {isa = PBXBuildFile; fileRef = 2505A6F328CD1BB7009DEDC9 /* CircleImage.swift */; };
		2505A6F528CD1BB7009DEDC9 /* CircleImage.swift in Sources */ = {isa = PBXBuildFile; fileRef = 2505A6F328CD1BB7009DEDC9 /* CircleImage.swift */; };
		2505A6F728CD1CCF009DEDC9 /* MapView.swift in Sources */ = {isa = PBXBuildFile; fileRef = 2505A6F628CD1CCF009DEDC9 /* MapView.swift */; };
		2505A6F828CD1CCF009DEDC9 /* MapView.swift in Sources */ = {isa = PBXBuildFile; fileRef = 2505A6F628CD1CCF009DEDC9 /* MapView.swift */; };
		2505A6FA28CD4A30009DEDC9 /* landmarkData.json in Resources */ = {isa = PBXBuildFile; fileRef = 2505A6F928CD4A30009DEDC9 /* landmarkData.json */; };
		2505A6FB28CD4A30009DEDC9 /* landmarkData.json in Resources */ = {isa = PBXBuildFile; fileRef = 2505A6F928CD4A30009DEDC9 /* landmarkData.json */; };
		2505A6FD28CD4A41009DEDC9 /* Landmark.swift in Sources */ = {isa = PBXBuildFile; fileRef = 2505A6FC28CD4A41009DEDC9 /* Landmark.swift */; };
		2505A6FE28CD4A41009DEDC9 /* Landmark.swift in Sources */ = {isa = PBXBuildFile; fileRef = 2505A6FC28CD4A41009DEDC9 /* Landmark.swift */; };
		2505A70028CD4B0D009DEDC9 /* ModelData.swift in Sources */ = {isa = PBXBuildFile; fileRef = 2505A6FF28CD4B0D009DEDC9 /* ModelData.swift */; };
		2505A70128CD4B0D009DEDC9 /* ModelData.swift in Sources */ = {isa = PBXBuildFile; fileRef = 2505A6FF28CD4B0D009DEDC9 /* ModelData.swift */; };
		2505A70628CD4C42009DEDC9 /* LandmarkRow.swift in Sources */ = {isa = PBXBuildFile; fileRef = 2505A70528CD4C42009DEDC9 /* LandmarkRow.swift */; };
		2505A70728CD4C42009DEDC9 /* LandmarkRow.swift in Sources */ = {isa = PBXBuildFile; fileRef = 2505A70528CD4C42009DEDC9 /* LandmarkRow.swift */; };
		2505A70928CD4E1B009DEDC9 /* LandmarkList.swift in Sources */ = {isa = PBXBuildFile; fileRef = 2505A70828CD4E1B009DEDC9 /* LandmarkList.swift */; };
		2505A70A28CD4E1B009DEDC9 /* LandmarkList.swift in Sources */ = {isa = PBXBuildFile; fileRef = 2505A70828CD4E1B009DEDC9 /* LandmarkList.swift */; };
		2505A70C28CD4ED5009DEDC9 /* LandmarkDetail.swift in Sources */ = {isa = PBXBuildFile; fileRef = 2505A70B28CD4ED5009DEDC9 /* LandmarkDetail.swift */; };
		2505A70D28CD4ED5009DEDC9 /* LandmarkDetail.swift in Sources */ = {isa = PBXBuildFile; fileRef = 2505A70B28CD4ED5009DEDC9 /* LandmarkDetail.swift */; };
		2505A70F28CD60AD009DEDC9 /* FavoriteButton.swift in Sources */ = {isa = PBXBuildFile; fileRef = 2505A70E28CD60AD009DEDC9 /* FavoriteButton.swift */; };
		2505A71028CD60AD009DEDC9 /* FavoriteButton.swift in Sources */ = {isa = PBXBuildFile; fileRef = 2505A70E28CD60AD009DEDC9 /* FavoriteButton.swift */; };
		2505A71428CD68D1009DEDC9 /* HexagonParameters.swift in Sources */ = {isa = PBXBuildFile; fileRef = 2505A71328CD68D1009DEDC9 /* HexagonParameters.swift */; };
		2505A71528CD68D1009DEDC9 /* HexagonParameters.swift in Sources */ = {isa = PBXBuildFile; fileRef = 2505A71328CD68D1009DEDC9 /* HexagonParameters.swift */; };
		2505A71728CD6932009DEDC9 /* BadgeBackground.swift in Sources */ = {isa = PBXBuildFile; fileRef = 2505A71628CD6932009DEDC9 /* BadgeBackground.swift */; };
		2505A71828CD6932009DEDC9 /* BadgeBackground.swift in Sources */ = {isa = PBXBuildFile; fileRef = 2505A71628CD6932009DEDC9 /* BadgeBackground.swift */; };
		2505A71A28CD6F49009DEDC9 /* BadgeSymbol.swift in Sources */ = {isa = PBXBuildFile; fileRef = 2505A71928CD6F49009DEDC9 /* BadgeSymbol.swift */; };
		2505A71B28CD6F49009DEDC9 /* BadgeSymbol.swift in Sources */ = {isa = PBXBuildFile; fileRef = 2505A71928CD6F49009DEDC9 /* BadgeSymbol.swift */; };
		2505A71D28CD6F9A009DEDC9 /* RotatedBadgeSymbol.swift in Sources */ = {isa = PBXBuildFile; fileRef = 2505A71C28CD6F9A009DEDC9 /* RotatedBadgeSymbol.swift */; };
		2505A71E28CD6F9A009DEDC9 /* RotatedBadgeSymbol.swift in Sources */ = {isa = PBXBuildFile; fileRef = 2505A71C28CD6F9A009DEDC9 /* RotatedBadgeSymbol.swift */; };
		2505A72028CD6FCA009DEDC9 /* Badge.swift in Sources */ = {isa = PBXBuildFile; fileRef = 2505A71F28CD6FCA009DEDC9 /* Badge.swift */; };
		2505A72128CD6FCA009DEDC9 /* Badge.swift in Sources */ = {isa = PBXBuildFile; fileRef = 2505A71F28CD6FCA009DEDC9 /* Badge.swift */; };
		2505A72428CD70DB009DEDC9 /* hikeData.json in Resources */ = {isa = PBXBuildFile; fileRef = 2505A72328CD70DB009DEDC9 /* hikeData.json */; };
		2505A72528CD70DB009DEDC9 /* hikeData.json in Resources */ = {isa = PBXBuildFile; fileRef = 2505A72328CD70DB009DEDC9 /* hikeData.json */; };
		2505A72728CD70F3009DEDC9 /* Hike.swift in Sources */ = {isa = PBXBuildFile; fileRef = 2505A72628CD70F3009DEDC9 /* Hike.swift */; };
		2505A72828CD70F3009DEDC9 /* Hike.swift in Sources */ = {isa = PBXBuildFile; fileRef = 2505A72628CD70F3009DEDC9 /* Hike.swift */; };
		2505A72E28CD7126009DEDC9 /* GraphCapsule.swift in Sources */ = {isa = PBXBuildFile; fileRef = 2505A72A28CD7126009DEDC9 /* GraphCapsule.swift */; };
		2505A72F28CD7126009DEDC9 /* GraphCapsule.swift in Sources */ = {isa = PBXBuildFile; fileRef = 2505A72A28CD7126009DEDC9 /* GraphCapsule.swift */; };
		2505A73028CD7126009DEDC9 /* HikeGraph.swift in Sources */ = {isa = PBXBuildFile; fileRef = 2505A72B28CD7126009DEDC9 /* HikeGraph.swift */; };
		2505A73128CD7126009DEDC9 /* HikeGraph.swift in Sources */ = {isa = PBXBuildFile; fileRef = 2505A72B28CD7126009DEDC9 /* HikeGraph.swift */; };
		2505A73228CD7126009DEDC9 /* HikeDetail.swift in Sources */ = {isa = PBXBuildFile; fileRef = 2505A72C28CD7126009DEDC9 /* HikeDetail.swift */; };
		2505A73328CD7126009DEDC9 /* HikeDetail.swift in Sources */ = {isa = PBXBuildFile; fileRef = 2505A72C28CD7126009DEDC9 /* HikeDetail.swift */; };
		2505A73428CD7126009DEDC9 /* HikeView.swift in Sources */ = {isa = PBXBuildFile; fileRef = 2505A72D28CD7126009DEDC9 /* HikeView.swift */; };
		2505A73528CD7126009DEDC9 /* HikeView.swift in Sources */ = {isa = PBXBuildFile; fileRef = 2505A72D28CD7126009DEDC9 /* HikeView.swift */; };
		2505A73828CD798E009DEDC9 /* CategoryHome.swift in Sources */ = {isa = PBXBuildFile; fileRef = 2505A73728CD798E009DEDC9 /* CategoryHome.swift */; };
		2505A73928CD798E009DEDC9 /* CategoryHome.swift in Sources */ = {isa = PBXBuildFile; fileRef = 2505A73728CD798E009DEDC9 /* CategoryHome.swift */; };
		2505A73B28CD7A6C009DEDC9 /* CategoryRow.swift in Sources */ = {isa = PBXBuildFile; fileRef = 2505A73A28CD7A6C009DEDC9 /* CategoryRow.swift */; };
		2505A73C28CD7A6C009DEDC9 /* CategoryRow.swift in Sources */ = {isa = PBXBuildFile; fileRef = 2505A73A28CD7A6C009DEDC9 /* CategoryRow.swift */; };
		2505A73E28CD7B02009DEDC9 /* CategoryItem.swift in Sources */ = {isa = PBXBuildFile; fileRef = 2505A73D28CD7B02009DEDC9 /* CategoryItem.swift */; };
		2505A73F28CD7B02009DEDC9 /* CategoryItem.swift in Sources */ = {isa = PBXBuildFile; fileRef = 2505A73D28CD7B02009DEDC9 /* CategoryItem.swift */; };
		2505A74128CD8EE3009DEDC9 /* Profile.swift in Sources */ = {isa = PBXBuildFile; fileRef = 2505A74028CD8EE3009DEDC9 /* Profile.swift */; };
		2505A74228CD8EE3009DEDC9 /* Profile.swift in Sources */ = {isa = PBXBuildFile; fileRef = 2505A74028CD8EE3009DEDC9 /* Profile.swift */; };
		2505A74528CD8F06009DEDC9 /* ProfileHost.swift in Sources */ = {isa = PBXBuildFile; fileRef = 2505A74428CD8F06009DEDC9 /* ProfileHost.swift */; };
		2505A74628CD8F06009DEDC9 /* ProfileHost.swift in Sources */ = {isa = PBXBuildFile; fileRef = 2505A74428CD8F06009DEDC9 /* ProfileHost.swift */; };
		2505A74828CD8F3B009DEDC9 /* ProfileSummary.swift in Sources */ = {isa = PBXBuildFile; fileRef = 2505A74728CD8F3B009DEDC9 /* ProfileSummary.swift */; };
		2505A74928CD8F3B009DEDC9 /* ProfileSummary.swift in Sources */ = {isa = PBXBuildFile; fileRef = 2505A74728CD8F3B009DEDC9 /* ProfileSummary.swift */; };
		2505A74B28CD8F77009DEDC9 /* HikeBadge.swift in Sources */ = {isa = PBXBuildFile; fileRef = 2505A74A28CD8F77009DEDC9 /* HikeBadge.swift */; };
		2505A74C28CD8F77009DEDC9 /* HikeBadge.swift in Sources */ = {isa = PBXBuildFile; fileRef = 2505A74A28CD8F77009DEDC9 /* HikeBadge.swift */; };
		2505A74E28CD9690009DEDC9 /* ProfileEditor.swift in Sources */ = {isa = PBXBuildFile; fileRef = 2505A74D28CD9690009DEDC9 /* ProfileEditor.swift */; };
		2505A74F28CD9690009DEDC9 /* ProfileEditor.swift in Sources */ = {isa = PBXBuildFile; fileRef = 2505A74D28CD9690009DEDC9 /* ProfileEditor.swift */; };
		2505A75228CD991F009DEDC9 /* PageViewController.swift in Sources */ = {isa = PBXBuildFile; fileRef = 2505A75128CD991F009DEDC9 /* PageViewController.swift */; };
		2505A75328CD991F009DEDC9 /* PageViewController.swift in Sources */ = {isa = PBXBuildFile; fileRef = 2505A75128CD991F009DEDC9 /* PageViewController.swift */; };
		2505A75528CD9990009DEDC9 /* FeatureCard.swift in Sources */ = {isa = PBXBuildFile; fileRef = 2505A75428CD9990009DEDC9 /* FeatureCard.swift */; };
		2505A75628CD9990009DEDC9 /* FeatureCard.swift in Sources */ = {isa = PBXBuildFile; fileRef = 2505A75428CD9990009DEDC9 /* FeatureCard.swift */; };
		2505A75828CD99CD009DEDC9 /* PageView.swift in Sources */ = {isa = PBXBuildFile; fileRef = 2505A75728CD99CD009DEDC9 /* PageView.swift */; };
		2505A75928CD99CD009DEDC9 /* PageView.swift in Sources */ = {isa = PBXBuildFile; fileRef = 2505A75728CD99CD009DEDC9 /* PageView.swift */; };
		2505A75B28CD9C17009DEDC9 /* PageControl.swift in Sources */ = {isa = PBXBuildFile; fileRef = 2505A75A28CD9C17009DEDC9 /* PageControl.swift */; };
		2505A75C28CD9C17009DEDC9 /* PageControl.swift in Sources */ = {isa = PBXBuildFile; fileRef = 2505A75A28CD9C17009DEDC9 /* PageControl.swift */; };
/* End PBXBuildFile section */

/* Begin PBXContainerItemProxy section */
		2505A6CC28CD11B2009DEDC9 /* PBXContainerItemProxy */ = {
			isa = PBXContainerItemProxy;
			containerPortal = 2505A6B228CD11AE009DEDC9 /* Project object */;
			proxyType = 1;
			remoteGlobalIDString = 2505A6BD28CD11B2009DEDC9;
			remoteInfo = "Landmarks (iOS)";
		};
		2505A6D828CD11B2009DEDC9 /* PBXContainerItemProxy */ = {
			isa = PBXContainerItemProxy;
			containerPortal = 2505A6B228CD11AE009DEDC9 /* Project object */;
			proxyType = 1;
			remoteGlobalIDString = 2505A6C328CD11B2009DEDC9;
			remoteInfo = "Landmarks (macOS)";
		};
/* End PBXContainerItemProxy section */

/* Begin PBXFileReference section */
		2505A6B728CD11AE009DEDC9 /* LandmarksApp.swift */ = {isa = PBXFileReference; lastKnownFileType = sourcecode.swift; path = LandmarksApp.swift; sourceTree = "<group>"; };
		2505A6B828CD11AE009DEDC9 /* ContentView.swift */ = {isa = PBXFileReference; lastKnownFileType = sourcecode.swift; path = ContentView.swift; sourceTree = "<group>"; };
		2505A6B928CD11B1009DEDC9 /* Assets.xcassets */ = {isa = PBXFileReference; lastKnownFileType = folder.assetcatalog; path = Assets.xcassets; sourceTree = "<group>"; };
		2505A6BE28CD11B2009DEDC9 /* Landmarks.app */ = {isa = PBXFileReference; explicitFileType = wrapper.application; includeInIndex = 0; path = Landmarks.app; sourceTree = BUILT_PRODUCTS_DIR; };
		2505A6C428CD11B2009DEDC9 /* Landmarks.app */ = {isa = PBXFileReference; explicitFileType = wrapper.application; includeInIndex = 0; path = Landmarks.app; sourceTree = BUILT_PRODUCTS_DIR; };
		2505A6C628CD11B2009DEDC9 /* macOS.entitlements */ = {isa = PBXFileReference; lastKnownFileType = text.plist.entitlements; path = macOS.entitlements; sourceTree = "<group>"; };
		2505A6CB28CD11B2009DEDC9 /* Tests iOS.xctest */ = {isa = PBXFileReference; explicitFileType = wrapper.cfbundle; includeInIndex = 0; path = "Tests iOS.xctest"; sourceTree = BUILT_PRODUCTS_DIR; };
		2505A6CF28CD11B2009DEDC9 /* Tests_iOS.swift */ = {isa = PBXFileReference; lastKnownFileType = sourcecode.swift; path = Tests_iOS.swift; sourceTree = "<group>"; };
		2505A6D128CD11B2009DEDC9 /* Tests_iOSLaunchTests.swift */ = {isa = PBXFileReference; lastKnownFileType = sourcecode.swift; path = Tests_iOSLaunchTests.swift; sourceTree = "<group>"; };
		2505A6D728CD11B2009DEDC9 /* Tests macOS.xctest */ = {isa = PBXFileReference; explicitFileType = wrapper.cfbundle; includeInIndex = 0; path = "Tests macOS.xctest"; sourceTree = BUILT_PRODUCTS_DIR; };
		2505A6DB28CD11B2009DEDC9 /* Tests_macOS.swift */ = {isa = PBXFileReference; lastKnownFileType = sourcecode.swift; path = Tests_macOS.swift; sourceTree = "<group>"; };
		2505A6DD28CD11B2009DEDC9 /* Tests_macOSLaunchTests.swift */ = {isa = PBXFileReference; lastKnownFileType = sourcecode.swift; path = Tests_macOSLaunchTests.swift; sourceTree = "<group>"; };
		2505A6F328CD1BB7009DEDC9 /* CircleImage.swift */ = {isa = PBXFileReference; lastKnownFileType = sourcecode.swift; path = CircleImage.swift; sourceTree = "<group>"; };
		2505A6F628CD1CCF009DEDC9 /* MapView.swift */ = {isa = PBXFileReference; lastKnownFileType = sourcecode.swift; path = MapView.swift; sourceTree = "<group>"; };
		2505A6F928CD4A30009DEDC9 /* landmarkData.json */ = {isa = PBXFileReference; fileEncoding = 4; lastKnownFileType = text.json; path = landmarkData.json; sourceTree = "<group>"; };
		2505A6FC28CD4A41009DEDC9 /* Landmark.swift */ = {isa = PBXFileReference; lastKnownFileType = sourcecode.swift; path = Landmark.swift; sourceTree = "<group>"; };
		2505A6FF28CD4B0D009DEDC9 /* ModelData.swift */ = {isa = PBXFileReference; lastKnownFileType = sourcecode.swift; path = ModelData.swift; sourceTree = "<group>"; };
		2505A70528CD4C42009DEDC9 /* LandmarkRow.swift */ = {isa = PBXFileReference; lastKnownFileType = sourcecode.swift; path = LandmarkRow.swift; sourceTree = "<group>"; };
		2505A70828CD4E1B009DEDC9 /* LandmarkList.swift */ = {isa = PBXFileReference; lastKnownFileType = sourcecode.swift; path = LandmarkList.swift; sourceTree = "<group>"; };
		2505A70B28CD4ED5009DEDC9 /* LandmarkDetail.swift */ = {isa = PBXFileReference; lastKnownFileType = sourcecode.swift; path = LandmarkDetail.swift; sourceTree = "<group>"; };
		2505A70E28CD60AD009DEDC9 /* FavoriteButton.swift */ = {isa = PBXFileReference; lastKnownFileType = sourcecode.swift; path = FavoriteButton.swift; sourceTree = "<group>"; };
		2505A71328CD68D1009DEDC9 /* HexagonParameters.swift */ = {isa = PBXFileReference; lastKnownFileType = sourcecode.swift; path = HexagonParameters.swift; sourceTree = "<group>"; };
		2505A71628CD6932009DEDC9 /* BadgeBackground.swift */ = {isa = PBXFileReference; lastKnownFileType = sourcecode.swift; path = BadgeBackground.swift; sourceTree = "<group>"; };
		2505A71928CD6F49009DEDC9 /* BadgeSymbol.swift */ = {isa = PBXFileReference; lastKnownFileType = sourcecode.swift; path = BadgeSymbol.swift; sourceTree = "<group>"; };
		2505A71C28CD6F9A009DEDC9 /* RotatedBadgeSymbol.swift */ = {isa = PBXFileReference; lastKnownFileType = sourcecode.swift; path = RotatedBadgeSymbol.swift; sourceTree = "<group>"; };
		2505A71F28CD6FCA009DEDC9 /* Badge.swift */ = {isa = PBXFileReference; lastKnownFileType = sourcecode.swift; path = Badge.swift; sourceTree = "<group>"; };
		2505A72328CD70DB009DEDC9 /* hikeData.json */ = {isa = PBXFileReference; fileEncoding = 4; lastKnownFileType = text.json; path = hikeData.json; sourceTree = "<group>"; };
		2505A72628CD70F3009DEDC9 /* Hike.swift */ = {isa = PBXFileReference; lastKnownFileType = sourcecode.swift; path = Hike.swift; sourceTree = "<group>"; };
		2505A72A28CD7126009DEDC9 /* GraphCapsule.swift */ = {isa = PBXFileReference; fileEncoding = 4; lastKnownFileType = sourcecode.swift; path = GraphCapsule.swift; sourceTree = "<group>"; };
		2505A72B28CD7126009DEDC9 /* HikeGraph.swift */ = {isa = PBXFileReference; fileEncoding = 4; lastKnownFileType = sourcecode.swift; path = HikeGraph.swift; sourceTree = "<group>"; };
		2505A72C28CD7126009DEDC9 /* HikeDetail.swift */ = {isa = PBXFileReference; fileEncoding = 4; lastKnownFileType = sourcecode.swift; path = HikeDetail.swift; sourceTree = "<group>"; };
		2505A72D28CD7126009DEDC9 /* HikeView.swift */ = {isa = PBXFileReference; fileEncoding = 4; lastKnownFileType = sourcecode.swift; path = HikeView.swift; sourceTree = "<group>"; };
		2505A73728CD798E009DEDC9 /* CategoryHome.swift */ = {isa = PBXFileReference; lastKnownFileType = sourcecode.swift; path = CategoryHome.swift; sourceTree = "<group>"; };
		2505A73A28CD7A6C009DEDC9 /* CategoryRow.swift */ = {isa = PBXFileReference; lastKnownFileType = sourcecode.swift; path = CategoryRow.swift; sourceTree = "<group>"; };
		2505A73D28CD7B02009DEDC9 /* CategoryItem.swift */ = {isa = PBXFileReference; lastKnownFileType = sourcecode.swift; path = CategoryItem.swift; sourceTree = "<group>"; };
		2505A74028CD8EE3009DEDC9 /* Profile.swift */ = {isa = PBXFileReference; lastKnownFileType = sourcecode.swift; path = Profile.swift; sourceTree = "<group>"; };
		2505A74428CD8F06009DEDC9 /* ProfileHost.swift */ = {isa = PBXFileReference; lastKnownFileType = sourcecode.swift; path = ProfileHost.swift; sourceTree = "<group>"; };
		2505A74728CD8F3B009DEDC9 /* ProfileSummary.swift */ = {isa = PBXFileReference; lastKnownFileType = sourcecode.swift; path = ProfileSummary.swift; sourceTree = "<group>"; };
		2505A74A28CD8F77009DEDC9 /* HikeBadge.swift */ = {isa = PBXFileReference; lastKnownFileType = sourcecode.swift; path = HikeBadge.swift; sourceTree = "<group>"; };
		2505A74D28CD9690009DEDC9 /* ProfileEditor.swift */ = {isa = PBXFileReference; lastKnownFileType = sourcecode.swift; path = ProfileEditor.swift; sourceTree = "<group>"; };
		2505A75128CD991F009DEDC9 /* PageViewController.swift */ = {isa = PBXFileReference; lastKnownFileType = sourcecode.swift; path = PageViewController.swift; sourceTree = "<group>"; };
		2505A75428CD9990009DEDC9 /* FeatureCard.swift */ = {isa = PBXFileReference; lastKnownFileType = sourcecode.swift; path = FeatureCard.swift; sourceTree = "<group>"; };
		2505A75728CD99CD009DEDC9 /* PageView.swift */ = {isa = PBXFileReference; lastKnownFileType = sourcecode.swift; path = PageView.swift; sourceTree = "<group>"; };
		2505A75A28CD9C17009DEDC9 /* PageControl.swift */ = {isa = PBXFileReference; lastKnownFileType = sourcecode.swift; path = PageControl.swift; sourceTree = "<group>"; };
/* End PBXFileReference section */

/* Begin PBXFrameworksBuildPhase section */
		2505A6BB28CD11B2009DEDC9 /* Frameworks */ = {
			isa = PBXFrameworksBuildPhase;
			buildActionMask = 2147483647;
			files = (
			);
			runOnlyForDeploymentPostprocessing = 0;
		};
		2505A6C128CD11B2009DEDC9 /* Frameworks */ = {
			isa = PBXFrameworksBuildPhase;
			buildActionMask = 2147483647;
			files = (
			);
			runOnlyForDeploymentPostprocessing = 0;
		};
		2505A6C828CD11B2009DEDC9 /* Frameworks */ = {
			isa = PBXFrameworksBuildPhase;
			buildActionMask = 2147483647;
			files = (
			);
			runOnlyForDeploymentPostprocessing = 0;
		};
		2505A6D428CD11B2009DEDC9 /* Frameworks */ = {
			isa = PBXFrameworksBuildPhase;
			buildActionMask = 2147483647;
			files = (
			);
			runOnlyForDeploymentPostprocessing = 0;
		};
/* End PBXFrameworksBuildPhase section */

/* Begin PBXGroup section */
		2505A6B128CD11AE009DEDC9 = {
			isa = PBXGroup;
			children = (
				2505A6B628CD11AE009DEDC9 /* Shared */,
				2505A6C528CD11B2009DEDC9 /* macOS */,
				2505A6CE28CD11B2009DEDC9 /* Tests iOS */,
				2505A6DA28CD11B2009DEDC9 /* Tests macOS */,
				2505A6BF28CD11B2009DEDC9 /* Products */,
			);
			sourceTree = "<group>";
		};
		2505A6B628CD11AE009DEDC9 /* Shared */ = {
			isa = PBXGroup;
			children = (
				2505A70428CD4C02009DEDC9 /* Resources */,
				2505A70328CD4BFB009DEDC9 /* Models */,
				2505A70228CD4BF4009DEDC9 /* Views */,
				2505A6B728CD11AE009DEDC9 /* LandmarksApp.swift */,
				2505A6B928CD11B1009DEDC9 /* Assets.xcassets */,
			);
			path = Shared;
			sourceTree = "<group>";
		};
		2505A6BF28CD11B2009DEDC9 /* Products */ = {
			isa = PBXGroup;
			children = (
				2505A6BE28CD11B2009DEDC9 /* Landmarks.app */,
				2505A6C428CD11B2009DEDC9 /* Landmarks.app */,
				2505A6CB28CD11B2009DEDC9 /* Tests iOS.xctest */,
				2505A6D728CD11B2009DEDC9 /* Tests macOS.xctest */,
			);
			name = Products;
			sourceTree = "<group>";
		};
		2505A6C528CD11B2009DEDC9 /* macOS */ = {
			isa = PBXGroup;
			children = (
				2505A6C628CD11B2009DEDC9 /* macOS.entitlements */,
			);
			path = macOS;
			sourceTree = "<group>";
		};
		2505A6CE28CD11B2009DEDC9 /* Tests iOS */ = {
			isa = PBXGroup;
			children = (
				2505A6CF28CD11B2009DEDC9 /* Tests_iOS.swift */,
				2505A6D128CD11B2009DEDC9 /* Tests_iOSLaunchTests.swift */,
			);
			path = "Tests iOS";
			sourceTree = "<group>";
		};
		2505A6DA28CD11B2009DEDC9 /* Tests macOS */ = {
			isa = PBXGroup;
			children = (
				2505A6DB28CD11B2009DEDC9 /* Tests_macOS.swift */,
				2505A6DD28CD11B2009DEDC9 /* Tests_macOSLaunchTests.swift */,
			);
			path = "Tests macOS";
			sourceTree = "<group>";
		};
		2505A70228CD4BF4009DEDC9 /* Views */ = {
			isa = PBXGroup;
			children = (
				2505A75028CD9907009DEDC9 /* PageView */,
				2505A74328CD8EFA009DEDC9 /* Profiles */,
				2505A73628CD797D009DEDC9 /* Categories */,
				2505A72928CD7126009DEDC9 /* Hikes */,
				2505A72228CD7025009DEDC9 /* Badges */,
				2505A71228CD6105009DEDC9 /* Helpers */,
				2505A71128CD60FD009DEDC9 /* Landmarks */,
				2505A6B828CD11AE009DEDC9 /* ContentView.swift */,
			);
			path = Views;
			sourceTree = "<group>";
		};
		2505A70328CD4BFB009DEDC9 /* Models */ = {
			isa = PBXGroup;
			children = (
				2505A6FC28CD4A41009DEDC9 /* Landmark.swift */,
				2505A6FF28CD4B0D009DEDC9 /* ModelData.swift */,
				2505A72628CD70F3009DEDC9 /* Hike.swift */,
				2505A74028CD8EE3009DEDC9 /* Profile.swift */,
			);
			path = Models;
			sourceTree = "<group>";
		};
		2505A70428CD4C02009DEDC9 /* Resources */ = {
			isa = PBXGroup;
			children = (
				2505A6F928CD4A30009DEDC9 /* landmarkData.json */,
				2505A72328CD70DB009DEDC9 /* hikeData.json */,
			);
			path = Resources;
			sourceTree = "<group>";
		};
		2505A71128CD60FD009DEDC9 /* Landmarks */ = {
			isa = PBXGroup;
			children = (
				2505A70528CD4C42009DEDC9 /* LandmarkRow.swift */,
				2505A70828CD4E1B009DEDC9 /* LandmarkList.swift */,
				2505A70B28CD4ED5009DEDC9 /* LandmarkDetail.swift */,
			);
			path = Landmarks;
			sourceTree = "<group>";
		};
		2505A71228CD6105009DEDC9 /* Helpers */ = {
			isa = PBXGroup;
			children = (
				2505A6F328CD1BB7009DEDC9 /* CircleImage.swift */,
				2505A6F628CD1CCF009DEDC9 /* MapView.swift */,
				2505A70E28CD60AD009DEDC9 /* FavoriteButton.swift */,
			);
			path = Helpers;
			sourceTree = "<group>";
		};
		2505A72228CD7025009DEDC9 /* Badges */ = {
			isa = PBXGroup;
			children = (
				2505A71328CD68D1009DEDC9 /* HexagonParameters.swift */,
				2505A71628CD6932009DEDC9 /* BadgeBackground.swift */,
				2505A71928CD6F49009DEDC9 /* BadgeSymbol.swift */,
				2505A71C28CD6F9A009DEDC9 /* RotatedBadgeSymbol.swift */,
				2505A71F28CD6FCA009DEDC9 /* Badge.swift */,
			);
			path = Badges;
			sourceTree = "<group>";
		};
		2505A72928CD7126009DEDC9 /* Hikes */ = {
			isa = PBXGroup;
			children = (
				2505A72A28CD7126009DEDC9 /* GraphCapsule.swift */,
				2505A72B28CD7126009DEDC9 /* HikeGraph.swift */,
				2505A72C28CD7126009DEDC9 /* HikeDetail.swift */,
				2505A72D28CD7126009DEDC9 /* HikeView.swift */,
				2505A74A28CD8F77009DEDC9 /* HikeBadge.swift */,
			);
			path = Hikes;
			sourceTree = "<group>";
		};
		2505A73628CD797D009DEDC9 /* Categories */ = {
			isa = PBXGroup;
			children = (
				2505A73728CD798E009DEDC9 /* CategoryHome.swift */,
				2505A73A28CD7A6C009DEDC9 /* CategoryRow.swift */,
				2505A73D28CD7B02009DEDC9 /* CategoryItem.swift */,
			);
			path = Categories;
			sourceTree = "<group>";
		};
		2505A74328CD8EFA009DEDC9 /* Profiles */ = {
			isa = PBXGroup;
			children = (
				2505A74428CD8F06009DEDC9 /* ProfileHost.swift */,
				2505A74728CD8F3B009DEDC9 /* ProfileSummary.swift */,
				2505A74D28CD9690009DEDC9 /* ProfileEditor.swift */,
			);
			path = Profiles;
			sourceTree = "<group>";
		};
		2505A75028CD9907009DEDC9 /* PageView */ = {
			isa = PBXGroup;
			children = (
				2505A75128CD991F009DEDC9 /* PageViewController.swift */,
				2505A75428CD9990009DEDC9 /* FeatureCard.swift */,
				2505A75728CD99CD009DEDC9 /* PageView.swift */,
				2505A75A28CD9C17009DEDC9 /* PageControl.swift */,
			);
			path = PageView;
			sourceTree = "<group>";
		};
/* End PBXGroup section */

/* Begin PBXNativeTarget section */
		2505A6BD28CD11B2009DEDC9 /* Landmarks (iOS) */ = {
			isa = PBXNativeTarget;
			buildConfigurationList = 2505A6E728CD11B2009DEDC9 /* Build configuration list for PBXNativeTarget "Landmarks (iOS)" */;
			buildPhases = (
				2505A6BA28CD11B2009DEDC9 /* Sources */,
				2505A6BB28CD11B2009DEDC9 /* Frameworks */,
				2505A6BC28CD11B2009DEDC9 /* Resources */,
			);
			buildRules = (
			);
			dependencies = (
			);
			name = "Landmarks (iOS)";
			productName = "Landmarks (iOS)";
			productReference = 2505A6BE28CD11B2009DEDC9 /* Landmarks.app */;
			productType = "com.apple.product-type.application";
		};
		2505A6C328CD11B2009DEDC9 /* Landmarks (macOS) */ = {
			isa = PBXNativeTarget;
			buildConfigurationList = 2505A6EA28CD11B2009DEDC9 /* Build configuration list for PBXNativeTarget "Landmarks (macOS)" */;
			buildPhases = (
				2505A6C028CD11B2009DEDC9 /* Sources */,
				2505A6C128CD11B2009DEDC9 /* Frameworks */,
				2505A6C228CD11B2009DEDC9 /* Resources */,
			);
			buildRules = (
			);
			dependencies = (
			);
			name = "Landmarks (macOS)";
			productName = "Landmarks (macOS)";
			productReference = 2505A6C428CD11B2009DEDC9 /* Landmarks.app */;
			productType = "com.apple.product-type.application";
		};
		2505A6CA28CD11B2009DEDC9 /* Tests iOS */ = {
			isa = PBXNativeTarget;
			buildConfigurationList = 2505A6ED28CD11B2009DEDC9 /* Build configuration list for PBXNativeTarget "Tests iOS" */;
			buildPhases = (
				2505A6C728CD11B2009DEDC9 /* Sources */,
				2505A6C828CD11B2009DEDC9 /* Frameworks */,
				2505A6C928CD11B2009DEDC9 /* Resources */,
			);
			buildRules = (
			);
			dependencies = (
				2505A6CD28CD11B2009DEDC9 /* PBXTargetDependency */,
			);
			name = "Tests iOS";
			productName = "Tests iOS";
			productReference = 2505A6CB28CD11B2009DEDC9 /* Tests iOS.xctest */;
			productType = "com.apple.product-type.bundle.ui-testing";
		};
		2505A6D628CD11B2009DEDC9 /* Tests macOS */ = {
			isa = PBXNativeTarget;
			buildConfigurationList = 2505A6F028CD11B2009DEDC9 /* Build configuration list for PBXNativeTarget "Tests macOS" */;
			buildPhases = (
				2505A6D328CD11B2009DEDC9 /* Sources */,
				2505A6D428CD11B2009DEDC9 /* Frameworks */,
				2505A6D528CD11B2009DEDC9 /* Resources */,
			);
			buildRules = (
			);
			dependencies = (
				2505A6D928CD11B2009DEDC9 /* PBXTargetDependency */,
			);
			name = "Tests macOS";
			productName = "Tests macOS";
			productReference = 2505A6D728CD11B2009DEDC9 /* Tests macOS.xctest */;
			productType = "com.apple.product-type.bundle.ui-testing";
		};
/* End PBXNativeTarget section */

/* Begin PBXProject section */
		2505A6B228CD11AE009DEDC9 /* Project object */ = {
			isa = PBXProject;
			attributes = {
				BuildIndependentTargetsInParallel = 1;
				LastSwiftUpdateCheck = 1340;
				LastUpgradeCheck = 1340;
				TargetAttributes = {
					2505A6BD28CD11B2009DEDC9 = {
						CreatedOnToolsVersion = 13.4.1;
					};
					2505A6C328CD11B2009DEDC9 = {
						CreatedOnToolsVersion = 13.4.1;
					};
					2505A6CA28CD11B2009DEDC9 = {
						CreatedOnToolsVersion = 13.4.1;
						TestTargetID = 2505A6BD28CD11B2009DEDC9;
					};
					2505A6D628CD11B2009DEDC9 = {
						CreatedOnToolsVersion = 13.4.1;
						TestTargetID = 2505A6C328CD11B2009DEDC9;
					};
				};
			};
			buildConfigurationList = 2505A6B528CD11AE009DEDC9 /* Build configuration list for PBXProject "Landmarks" */;
			compatibilityVersion = "Xcode 13.0";
			developmentRegion = en;
			hasScannedForEncodings = 0;
			knownRegions = (
				en,
				Base,
			);
			mainGroup = 2505A6B128CD11AE009DEDC9;
			productRefGroup = 2505A6BF28CD11B2009DEDC9 /* Products */;
			projectDirPath = "";
			projectRoot = "";
			targets = (
				2505A6BD28CD11B2009DEDC9 /* Landmarks (iOS) */,
				2505A6C328CD11B2009DEDC9 /* Landmarks (macOS) */,
				2505A6CA28CD11B2009DEDC9 /* Tests iOS */,
				2505A6D628CD11B2009DEDC9 /* Tests macOS */,
			);
		};
/* End PBXProject section */

/* Begin PBXResourcesBuildPhase section */
		2505A6BC28CD11B2009DEDC9 /* Resources */ = {
			isa = PBXResourcesBuildPhase;
			buildActionMask = 2147483647;
			files = (
				2505A6E328CD11B2009DEDC9 /* Assets.xcassets in Resources */,
				2505A72428CD70DB009DEDC9 /* hikeData.json in Resources */,
				2505A6FA28CD4A30009DEDC9 /* landmarkData.json in Resources */,
			);
			runOnlyForDeploymentPostprocessing = 0;
		};
		2505A6C228CD11B2009DEDC9 /* Resources */ = {
			isa = PBXResourcesBuildPhase;
			buildActionMask = 2147483647;
			files = (
				2505A6E428CD11B2009DEDC9 /* Assets.xcassets in Resources */,
				2505A72528CD70DB009DEDC9 /* hikeData.json in Resources */,
				2505A6FB28CD4A30009DEDC9 /* landmarkData.json in Resources */,
			);
			runOnlyForDeploymentPostprocessing = 0;
		};
		2505A6C928CD11B2009DEDC9 /* Resources */ = {
			isa = PBXResourcesBuildPhase;
			buildActionMask = 2147483647;
			files = (
			);
			runOnlyForDeploymentPostprocessing = 0;
		};
		2505A6D528CD11B2009DEDC9 /* Resources */ = {
			isa = PBXResourcesBuildPhase;
			buildActionMask = 2147483647;
			files = (
			);
			runOnlyForDeploymentPostprocessing = 0;
		};
/* End PBXResourcesBuildPhase section */

/* Begin PBXSourcesBuildPhase section */
		2505A6BA28CD11B2009DEDC9 /* Sources */ = {
			isa = PBXSourcesBuildPhase;
			buildActionMask = 2147483647;
			files = (
				2505A73B28CD7A6C009DEDC9 /* CategoryRow.swift in Sources */,
				2505A74128CD8EE3009DEDC9 /* Profile.swift in Sources */,
				2505A6E128CD11B2009DEDC9 /* ContentView.swift in Sources */,
				2505A73828CD798E009DEDC9 /* CategoryHome.swift in Sources */,
				2505A75528CD9990009DEDC9 /* FeatureCard.swift in Sources */,
				2505A73028CD7126009DEDC9 /* HikeGraph.swift in Sources */,
				2505A72028CD6FCA009DEDC9 /* Badge.swift in Sources */,
				2505A6F728CD1CCF009DEDC9 /* MapView.swift in Sources */,
				2505A72E28CD7126009DEDC9 /* GraphCapsule.swift in Sources */,
				2505A6DF28CD11B2009DEDC9 /* LandmarksApp.swift in Sources */,
				2505A75B28CD9C17009DEDC9 /* PageControl.swift in Sources */,
				2505A70F28CD60AD009DEDC9 /* FavoriteButton.swift in Sources */,
				2505A73E28CD7B02009DEDC9 /* CategoryItem.swift in Sources */,
				2505A73228CD7126009DEDC9 /* HikeDetail.swift in Sources */,
				2505A74828CD8F3B009DEDC9 /* ProfileSummary.swift in Sources */,
				2505A71428CD68D1009DEDC9 /* HexagonParameters.swift in Sources */,
				2505A74528CD8F06009DEDC9 /* ProfileHost.swift in Sources */,
				2505A72728CD70F3009DEDC9 /* Hike.swift in Sources */,
				2505A71D28CD6F9A009DEDC9 /* RotatedBadgeSymbol.swift in Sources */,
				2505A75828CD99CD009DEDC9 /* PageView.swift in Sources */,
				2505A71A28CD6F49009DEDC9 /* BadgeSymbol.swift in Sources */,
				2505A74E28CD9690009DEDC9 /* ProfileEditor.swift in Sources */,
				2505A70928CD4E1B009DEDC9 /* LandmarkList.swift in Sources */,
				2505A73428CD7126009DEDC9 /* HikeView.swift in Sources */,
				2505A70C28CD4ED5009DEDC9 /* LandmarkDetail.swift in Sources */,
				2505A75228CD991F009DEDC9 /* PageViewController.swift in Sources */,
				2505A71728CD6932009DEDC9 /* BadgeBackground.swift in Sources */,
				2505A74B28CD8F77009DEDC9 /* HikeBadge.swift in Sources */,
				2505A6F428CD1BB7009DEDC9 /* CircleImage.swift in Sources */,
				2505A6FD28CD4A41009DEDC9 /* Landmark.swift in Sources */,
				2505A70628CD4C42009DEDC9 /* LandmarkRow.swift in Sources */,
				2505A70028CD4B0D009DEDC9 /* ModelData.swift in Sources */,
			);
			runOnlyForDeploymentPostprocessing = 0;
		};
		2505A6C028CD11B2009DEDC9 /* Sources */ = {
			isa = PBXSourcesBuildPhase;
			buildActionMask = 2147483647;
			files = (
				2505A73C28CD7A6C009DEDC9 /* CategoryRow.swift in Sources */,
				2505A74228CD8EE3009DEDC9 /* Profile.swift in Sources */,
				2505A6E228CD11B2009DEDC9 /* ContentView.swift in Sources */,
				2505A73928CD798E009DEDC9 /* CategoryHome.swift in Sources */,
				2505A75628CD9990009DEDC9 /* FeatureCard.swift in Sources */,
				2505A73128CD7126009DEDC9 /* HikeGraph.swift in Sources */,
				2505A72128CD6FCA009DEDC9 /* Badge.swift in Sources */,
				2505A6F828CD1CCF009DEDC9 /* MapView.swift in Sources */,
				2505A72F28CD7126009DEDC9 /* GraphCapsule.swift in Sources */,
				2505A6E028CD11B2009DEDC9 /* LandmarksApp.swift in Sources */,
				2505A75C28CD9C17009DEDC9 /* PageControl.swift in Sources */,
				2505A71028CD60AD009DEDC9 /* FavoriteButton.swift in Sources */,
				2505A73F28CD7B02009DEDC9 /* CategoryItem.swift in Sources */,
				2505A73328CD7126009DEDC9 /* HikeDetail.swift in Sources */,
				2505A74928CD8F3B009DEDC9 /* ProfileSummary.swift in Sources */,
				2505A71528CD68D1009DEDC9 /* HexagonParameters.swift in Sources */,
				2505A74628CD8F06009DEDC9 /* ProfileHost.swift in Sources */,
				2505A72828CD70F3009DEDC9 /* Hike.swift in Sources */,
				2505A71E28CD6F9A009DEDC9 /* RotatedBadgeSymbol.swift in Sources */,
				2505A75928CD99CD009DEDC9 /* PageView.swift in Sources */,
				2505A71B28CD6F49009DEDC9 /* BadgeSymbol.swift in Sources */,
				2505A74F28CD9690009DEDC9 /* ProfileEditor.swift in Sources */,
				2505A70A28CD4E1B009DEDC9 /* LandmarkList.swift in Sources */,
				2505A73528CD7126009DEDC9 /* HikeView.swift in Sources */,
				2505A70D28CD4ED5009DEDC9 /* LandmarkDetail.swift in Sources */,
				2505A75328CD991F009DEDC9 /* PageViewController.swift in Sources */,
				2505A71828CD6932009DEDC9 /* BadgeBackground.swift in Sources */,
				2505A74C28CD8F77009DEDC9 /* HikeBadge.swift in Sources */,
				2505A6F528CD1BB7009DEDC9 /* CircleImage.swift in Sources */,
				2505A6FE28CD4A41009DEDC9 /* Landmark.swift in Sources */,
				2505A70728CD4C42009DEDC9 /* LandmarkRow.swift in Sources */,
				2505A70128CD4B0D009DEDC9 /* ModelData.swift in Sources */,
			);
			runOnlyForDeploymentPostprocessing = 0;
		};
		2505A6C728CD11B2009DEDC9 /* Sources */ = {
			isa = PBXSourcesBuildPhase;
			buildActionMask = 2147483647;
			files = (
				2505A6D228CD11B2009DEDC9 /* Tests_iOSLaunchTests.swift in Sources */,
				2505A6D028CD11B2009DEDC9 /* Tests_iOS.swift in Sources */,
			);
			runOnlyForDeploymentPostprocessing = 0;
		};
		2505A6D328CD11B2009DEDC9 /* Sources */ = {
			isa = PBXSourcesBuildPhase;
			buildActionMask = 2147483647;
			files = (
				2505A6DE28CD11B2009DEDC9 /* Tests_macOSLaunchTests.swift in Sources */,
				2505A6DC28CD11B2009DEDC9 /* Tests_macOS.swift in Sources */,
			);
			runOnlyForDeploymentPostprocessing = 0;
		};
/* End PBXSourcesBuildPhase section */

/* Begin PBXTargetDependency section */
		2505A6CD28CD11B2009DEDC9 /* PBXTargetDependency */ = {
			isa = PBXTargetDependency;
			target = 2505A6BD28CD11B2009DEDC9 /* Landmarks (iOS) */;
			targetProxy = 2505A6CC28CD11B2009DEDC9 /* PBXContainerItemProxy */;
		};
		2505A6D928CD11B2009DEDC9 /* PBXTargetDependency */ = {
			isa = PBXTargetDependency;
			target = 2505A6C328CD11B2009DEDC9 /* Landmarks (macOS) */;
			targetProxy = 2505A6D828CD11B2009DEDC9 /* PBXContainerItemProxy */;
		};
/* End PBXTargetDependency section */

/* Begin XCBuildConfiguration section */
		2505A6E528CD11B2009DEDC9 /* Debug */ = {
			isa = XCBuildConfiguration;
			buildSettings = {
				ALWAYS_SEARCH_USER_PATHS = NO;
				CLANG_ANALYZER_NONNULL = YES;
				CLANG_ANALYZER_NUMBER_OBJECT_CONVERSION = YES_AGGRESSIVE;
				CLANG_CXX_LANGUAGE_STANDARD = "gnu++17";
				CLANG_ENABLE_MODULES = YES;
				CLANG_ENABLE_OBJC_ARC = YES;
				CLANG_ENABLE_OBJC_WEAK = YES;
				CLANG_WARN_BLOCK_CAPTURE_AUTORELEASING = YES;
				CLANG_WARN_BOOL_CONVERSION = YES;
				CLANG_WARN_COMMA = YES;
				CLANG_WARN_CONSTANT_CONVERSION = YES;
				CLANG_WARN_DEPRECATED_OBJC_IMPLEMENTATIONS = YES;
				CLANG_WARN_DIRECT_OBJC_ISA_USAGE = YES_ERROR;
				CLANG_WARN_DOCUMENTATION_COMMENTS = YES;
				CLANG_WARN_EMPTY_BODY = YES;
				CLANG_WARN_ENUM_CONVERSION = YES;
				CLANG_WARN_INFINITE_RECURSION = YES;
				CLANG_WARN_INT_CONVERSION = YES;
				CLANG_WARN_NON_LITERAL_NULL_CONVERSION = YES;
				CLANG_WARN_OBJC_IMPLICIT_RETAIN_SELF = YES;
				CLANG_WARN_OBJC_LITERAL_CONVERSION = YES;
				CLANG_WARN_OBJC_ROOT_CLASS = YES_ERROR;
				CLANG_WARN_QUOTED_INCLUDE_IN_FRAMEWORK_HEADER = YES;
				CLANG_WARN_RANGE_LOOP_ANALYSIS = YES;
				CLANG_WARN_STRICT_PROTOTYPES = YES;
				CLANG_WARN_SUSPICIOUS_MOVE = YES;
				CLANG_WARN_UNGUARDED_AVAILABILITY = YES_AGGRESSIVE;
				CLANG_WARN_UNREACHABLE_CODE = YES;
				CLANG_WARN__DUPLICATE_METHOD_MATCH = YES;
				COPY_PHASE_STRIP = NO;
				DEBUG_INFORMATION_FORMAT = dwarf;
				ENABLE_STRICT_OBJC_MSGSEND = YES;
				ENABLE_TESTABILITY = YES;
				GCC_C_LANGUAGE_STANDARD = gnu11;
				GCC_DYNAMIC_NO_PIC = NO;
				GCC_NO_COMMON_BLOCKS = YES;
				GCC_OPTIMIZATION_LEVEL = 0;
				GCC_PREPROCESSOR_DEFINITIONS = (
					"DEBUG=1",
					"$(inherited)",
				);
				GCC_WARN_64_TO_32_BIT_CONVERSION = YES;
				GCC_WARN_ABOUT_RETURN_TYPE = YES_ERROR;
				GCC_WARN_UNDECLARED_SELECTOR = YES;
				GCC_WARN_UNINITIALIZED_AUTOS = YES_AGGRESSIVE;
				GCC_WARN_UNUSED_FUNCTION = YES;
				GCC_WARN_UNUSED_VARIABLE = YES;
				MTL_ENABLE_DEBUG_INFO = INCLUDE_SOURCE;
				MTL_FAST_MATH = YES;
				ONLY_ACTIVE_ARCH = YES;
				SWIFT_ACTIVE_COMPILATION_CONDITIONS = DEBUG;
				SWIFT_OPTIMIZATION_LEVEL = "-Onone";
			};
			name = Debug;
		};
		2505A6E628CD11B2009DEDC9 /* Release */ = {
			isa = XCBuildConfiguration;
			buildSettings = {
				ALWAYS_SEARCH_USER_PATHS = NO;
				CLANG_ANALYZER_NONNULL = YES;
				CLANG_ANALYZER_NUMBER_OBJECT_CONVERSION = YES_AGGRESSIVE;
				CLANG_CXX_LANGUAGE_STANDARD = "gnu++17";
				CLANG_ENABLE_MODULES = YES;
				CLANG_ENABLE_OBJC_ARC = YES;
				CLANG_ENABLE_OBJC_WEAK = YES;
				CLANG_WARN_BLOCK_CAPTURE_AUTORELEASING = YES;
				CLANG_WARN_BOOL_CONVERSION = YES;
				CLANG_WARN_COMMA = YES;
				CLANG_WARN_CONSTANT_CONVERSION = YES;
				CLANG_WARN_DEPRECATED_OBJC_IMPLEMENTATIONS = YES;
				CLANG_WARN_DIRECT_OBJC_ISA_USAGE = YES_ERROR;
				CLANG_WARN_DOCUMENTATION_COMMENTS = YES;
				CLANG_WARN_EMPTY_BODY = YES;
				CLANG_WARN_ENUM_CONVERSION = YES;
				CLANG_WARN_INFINITE_RECURSION = YES;
				CLANG_WARN_INT_CONVERSION = YES;
				CLANG_WARN_NON_LITERAL_NULL_CONVERSION = YES;
				CLANG_WARN_OBJC_IMPLICIT_RETAIN_SELF = YES;
				CLANG_WARN_OBJC_LITERAL_CONVERSION = YES;
				CLANG_WARN_OBJC_ROOT_CLASS = YES_ERROR;
				CLANG_WARN_QUOTED_INCLUDE_IN_FRAMEWORK_HEADER = YES;
				CLANG_WARN_RANGE_LOOP_ANALYSIS = YES;
				CLANG_WARN_STRICT_PROTOTYPES = YES;
				CLANG_WARN_SUSPICIOUS_MOVE = YES;
				CLANG_WARN_UNGUARDED_AVAILABILITY = YES_AGGRESSIVE;
				CLANG_WARN_UNREACHABLE_CODE = YES;
				CLANG_WARN__DUPLICATE_METHOD_MATCH = YES;
				COPY_PHASE_STRIP = NO;
				DEBUG_INFORMATION_FORMAT = "dwarf-with-dsym";
				ENABLE_NS_ASSERTIONS = NO;
				ENABLE_STRICT_OBJC_MSGSEND = YES;
				GCC_C_LANGUAGE_STANDARD = gnu11;
				GCC_NO_COMMON_BLOCKS = YES;
				GCC_WARN_64_TO_32_BIT_CONVERSION = YES;
				GCC_WARN_ABOUT_RETURN_TYPE = YES_ERROR;
				GCC_WARN_UNDECLARED_SELECTOR = YES;
				GCC_WARN_UNINITIALIZED_AUTOS = YES_AGGRESSIVE;
				GCC_WARN_UNUSED_FUNCTION = YES;
				GCC_WARN_UNUSED_VARIABLE = YES;
				MTL_ENABLE_DEBUG_INFO = NO;
				MTL_FAST_MATH = YES;
				SWIFT_COMPILATION_MODE = wholemodule;
				SWIFT_OPTIMIZATION_LEVEL = "-O";
			};
			name = Release;
		};
		2505A6E828CD11B2009DEDC9 /* Debug */ = {
			isa = XCBuildConfiguration;
			buildSettings = {
				ASSETCATALOG_COMPILER_APPICON_NAME = AppIcon;
				ASSETCATALOG_COMPILER_GLOBAL_ACCENT_COLOR_NAME = AccentColor;
				CODE_SIGN_STYLE = Automatic;
				CURRENT_PROJECT_VERSION = 1;
				DEVELOPMENT_TEAM = 46ARXYDMLR;
				ENABLE_PREVIEWS = YES;
				GENERATE_INFOPLIST_FILE = YES;
				INFOPLIST_KEY_UIApplicationSceneManifest_Generation = YES;
				INFOPLIST_KEY_UIApplicationSupportsIndirectInputEvents = YES;
				INFOPLIST_KEY_UILaunchScreen_Generation = YES;
				INFOPLIST_KEY_UISupportedInterfaceOrientations_iPad = "UIInterfaceOrientationPortrait UIInterfaceOrientationPortraitUpsideDown UIInterfaceOrientationLandscapeLeft UIInterfaceOrientationLandscapeRight";
				INFOPLIST_KEY_UISupportedInterfaceOrientations_iPhone = "UIInterfaceOrientationPortrait UIInterfaceOrientationLandscapeLeft UIInterfaceOrientationLandscapeRight";
				IPHONEOS_DEPLOYMENT_TARGET = 15.5;
				LD_RUNPATH_SEARCH_PATHS = (
					"$(inherited)",
					"@executable_path/Frameworks",
				);
				MARKETING_VERSION = 1.0;
				PRODUCT_BUNDLE_IDENTIFIER = us.jsun.Landmarks;
				PRODUCT_NAME = Landmarks;
				SDKROOT = iphoneos;
				SWIFT_EMIT_LOC_STRINGS = YES;
				SWIFT_VERSION = 5.0;
				TARGETED_DEVICE_FAMILY = "1,2";
			};
			name = Debug;
		};
		2505A6E928CD11B2009DEDC9 /* Release */ = {
			isa = XCBuildConfiguration;
			buildSettings = {
				ASSETCATALOG_COMPILER_APPICON_NAME = AppIcon;
				ASSETCATALOG_COMPILER_GLOBAL_ACCENT_COLOR_NAME = AccentColor;
				CODE_SIGN_STYLE = Automatic;
				CURRENT_PROJECT_VERSION = 1;
				DEVELOPMENT_TEAM = 46ARXYDMLR;
				ENABLE_PREVIEWS = YES;
				GENERATE_INFOPLIST_FILE = YES;
				INFOPLIST_KEY_UIApplicationSceneManifest_Generation = YES;
				INFOPLIST_KEY_UIApplicationSupportsIndirectInputEvents = YES;
				INFOPLIST_KEY_UILaunchScreen_Generation = YES;
				INFOPLIST_KEY_UISupportedInterfaceOrientations_iPad = "UIInterfaceOrientationPortrait UIInterfaceOrientationPortraitUpsideDown UIInterfaceOrientationLandscapeLeft UIInterfaceOrientationLandscapeRight";
				INFOPLIST_KEY_UISupportedInterfaceOrientations_iPhone = "UIInterfaceOrientationPortrait UIInterfaceOrientationLandscapeLeft UIInterfaceOrientationLandscapeRight";
				IPHONEOS_DEPLOYMENT_TARGET = 15.5;
				LD_RUNPATH_SEARCH_PATHS = (
					"$(inherited)",
					"@executable_path/Frameworks",
				);
				MARKETING_VERSION = 1.0;
				PRODUCT_BUNDLE_IDENTIFIER = us.jsun.Landmarks;
				PRODUCT_NAME = Landmarks;
				SDKROOT = iphoneos;
				SWIFT_EMIT_LOC_STRINGS = YES;
				SWIFT_VERSION = 5.0;
				TARGETED_DEVICE_FAMILY = "1,2";
				VALIDATE_PRODUCT = YES;
			};
			name = Release;
		};
		2505A6EB28CD11B2009DEDC9 /* Debug */ = {
			isa = XCBuildConfiguration;
			buildSettings = {
				ASSETCATALOG_COMPILER_APPICON_NAME = AppIcon;
				ASSETCATALOG_COMPILER_GLOBAL_ACCENT_COLOR_NAME = AccentColor;
				CODE_SIGN_ENTITLEMENTS = macOS/macOS.entitlements;
				CODE_SIGN_STYLE = Automatic;
				COMBINE_HIDPI_IMAGES = YES;
				CURRENT_PROJECT_VERSION = 1;
				DEVELOPMENT_TEAM = 46ARXYDMLR;
				ENABLE_HARDENED_RUNTIME = YES;
				ENABLE_PREVIEWS = YES;
				GENERATE_INFOPLIST_FILE = YES;
				INFOPLIST_KEY_NSHumanReadableCopyright = "";
				LD_RUNPATH_SEARCH_PATHS = (
					"$(inherited)",
					"@executable_path/../Frameworks",
				);
				MACOSX_DEPLOYMENT_TARGET = 12.3;
				MARKETING_VERSION = 1.0;
				PRODUCT_BUNDLE_IDENTIFIER = us.jsun.Landmarks;
				PRODUCT_NAME = Landmarks;
				SDKROOT = macosx;
				SWIFT_EMIT_LOC_STRINGS = YES;
				SWIFT_VERSION = 5.0;
			};
			name = Debug;
		};
		2505A6EC28CD11B2009DEDC9 /* Release */ = {
			isa = XCBuildConfiguration;
			buildSettings = {
				ASSETCATALOG_COMPILER_APPICON_NAME = AppIcon;
				ASSETCATALOG_COMPILER_GLOBAL_ACCENT_COLOR_NAME = AccentColor;
				CODE_SIGN_ENTITLEMENTS = macOS/macOS.entitlements;
				CODE_SIGN_STYLE = Automatic;
				COMBINE_HIDPI_IMAGES = YES;
				CURRENT_PROJECT_VERSION = 1;
				DEVELOPMENT_TEAM = 46ARXYDMLR;
				ENABLE_HARDENED_RUNTIME = YES;
				ENABLE_PREVIEWS = YES;
				GENERATE_INFOPLIST_FILE = YES;
				INFOPLIST_KEY_NSHumanReadableCopyright = "";
				LD_RUNPATH_SEARCH_PATHS = (
					"$(inherited)",
					"@executable_path/../Frameworks",
				);
				MACOSX_DEPLOYMENT_TARGET = 12.3;
				MARKETING_VERSION = 1.0;
				PRODUCT_BUNDLE_IDENTIFIER = us.jsun.Landmarks;
				PRODUCT_NAME = Landmarks;
				SDKROOT = macosx;
				SWIFT_EMIT_LOC_STRINGS = YES;
				SWIFT_VERSION = 5.0;
			};
			name = Release;
		};
		2505A6EE28CD11B2009DEDC9 /* Debug */ = {
			isa = XCBuildConfiguration;
			buildSettings = {
				ALWAYS_EMBED_SWIFT_STANDARD_LIBRARIES = YES;
				CODE_SIGN_STYLE = Automatic;
				CURRENT_PROJECT_VERSION = 1;
				DEVELOPMENT_TEAM = 46ARXYDMLR;
				GENERATE_INFOPLIST_FILE = YES;
				IPHONEOS_DEPLOYMENT_TARGET = 15.5;
				MARKETING_VERSION = 1.0;
				PRODUCT_BUNDLE_IDENTIFIER = "us.jsun.Tests-iOS";
				PRODUCT_NAME = "$(TARGET_NAME)";
				SDKROOT = iphoneos;
				SWIFT_EMIT_LOC_STRINGS = NO;
				SWIFT_VERSION = 5.0;
				TARGETED_DEVICE_FAMILY = "1,2";
				TEST_TARGET_NAME = "Landmarks (iOS)";
			};
			name = Debug;
		};
		2505A6EF28CD11B2009DEDC9 /* Release */ = {
			isa = XCBuildConfiguration;
			buildSettings = {
				ALWAYS_EMBED_SWIFT_STANDARD_LIBRARIES = YES;
				CODE_SIGN_STYLE = Automatic;
				CURRENT_PROJECT_VERSION = 1;
				DEVELOPMENT_TEAM = 46ARXYDMLR;
				GENERATE_INFOPLIST_FILE = YES;
				IPHONEOS_DEPLOYMENT_TARGET = 15.5;
				MARKETING_VERSION = 1.0;
				PRODUCT_BUNDLE_IDENTIFIER = "us.jsun.Tests-iOS";
				PRODUCT_NAME = "$(TARGET_NAME)";
				SDKROOT = iphoneos;
				SWIFT_EMIT_LOC_STRINGS = NO;
				SWIFT_VERSION = 5.0;
				TARGETED_DEVICE_FAMILY = "1,2";
				TEST_TARGET_NAME = "Landmarks (iOS)";
				VALIDATE_PRODUCT = YES;
			};
			name = Release;
		};
		2505A6F128CD11B2009DEDC9 /* Debug */ = {
			isa = XCBuildConfiguration;
			buildSettings = {
				ALWAYS_EMBED_SWIFT_STANDARD_LIBRARIES = YES;
				CODE_SIGN_STYLE = Automatic;
				CURRENT_PROJECT_VERSION = 1;
				DEVELOPMENT_TEAM = 46ARXYDMLR;
				GENERATE_INFOPLIST_FILE = YES;
				MACOSX_DEPLOYMENT_TARGET = 12.3;
				MARKETING_VERSION = 1.0;
				PRODUCT_BUNDLE_IDENTIFIER = "us.jsun.Tests-macOS";
				PRODUCT_NAME = "$(TARGET_NAME)";
				SDKROOT = macosx;
				SWIFT_EMIT_LOC_STRINGS = NO;
				SWIFT_VERSION = 5.0;
				TEST_TARGET_NAME = "Landmarks (macOS)";
			};
			name = Debug;
		};
		2505A6F228CD11B2009DEDC9 /* Release */ = {
			isa = XCBuildConfiguration;
			buildSettings = {
				ALWAYS_EMBED_SWIFT_STANDARD_LIBRARIES = YES;
				CODE_SIGN_STYLE = Automatic;
				CURRENT_PROJECT_VERSION = 1;
				DEVELOPMENT_TEAM = 46ARXYDMLR;
				GENERATE_INFOPLIST_FILE = YES;
				MACOSX_DEPLOYMENT_TARGET = 12.3;
				MARKETING_VERSION = 1.0;
				PRODUCT_BUNDLE_IDENTIFIER = "us.jsun.Tests-macOS";
				PRODUCT_NAME = "$(TARGET_NAME)";
				SDKROOT = macosx;
				SWIFT_EMIT_LOC_STRINGS = NO;
				SWIFT_VERSION = 5.0;
				TEST_TARGET_NAME = "Landmarks (macOS)";
			};
			name = Release;
		};
/* End XCBuildConfiguration section */

/* Begin XCConfigurationList section */
		2505A6B528CD11AE009DEDC9 /* Build configuration list for PBXProject "Landmarks" */ = {
			isa = XCConfigurationList;
			buildConfigurations = (
				2505A6E528CD11B2009DEDC9 /* Debug */,
				2505A6E628CD11B2009DEDC9 /* Release */,
			);
			defaultConfigurationIsVisible = 0;
			defaultConfigurationName = Release;
		};
		2505A6E728CD11B2009DEDC9 /* Build configuration list for PBXNativeTarget "Landmarks (iOS)" */ = {
			isa = XCConfigurationList;
			buildConfigurations = (
				2505A6E828CD11B2009DEDC9 /* Debug */,
				2505A6E928CD11B2009DEDC9 /* Release */,
			);
			defaultConfigurationIsVisible = 0;
			defaultConfigurationName = Release;
		};
		2505A6EA28CD11B2009DEDC9 /* Build configuration list for PBXNativeTarget "Landmarks (macOS)" */ = {
			isa = XCConfigurationList;
			buildConfigurations = (
				2505A6EB28CD11B2009DEDC9 /* Debug */,
				2505A6EC28CD11B2009DEDC9 /* Release */,
			);
			defaultConfigurationIsVisible = 0;
			defaultConfigurationName = Release;
		};
		2505A6ED28CD11B2009DEDC9 /* Build configuration list for PBXNativeTarget "Tests iOS" */ = {
			isa = XCConfigurationList;
			buildConfigurations = (
				2505A6EE28CD11B2009DEDC9 /* Debug */,
				2505A6EF28CD11B2009DEDC9 /* Release */,
			);
			defaultConfigurationIsVisible = 0;
			defaultConfigurationName = Release;
		};
		2505A6F028CD11B2009DEDC9 /* Build configuration list for PBXNativeTarget "Tests macOS" */ = {
			isa = XCConfigurationList;
			buildConfigurations = (
				2505A6F128CD11B2009DEDC9 /* Debug */,
				2505A6F228CD11B2009DEDC9 /* Release */,
			);
			defaultConfigurationIsVisible = 0;
			defaultConfigurationName = Release;
		};
/* End XCConfigurationList section */
	};
	rootObject = 2505A6B228CD11AE009DEDC9 /* Project object */;
}
